
Microsoft Visual Studio Solution File, Format Version 12.00
# Visual Studio Version 16
VisualStudioVersion = 16.0.28407.52
MinimumVisualStudioVersion = 10.0.40219.1
Project("{8BC9CEB8-8B4A-11D0-8D11-00A0C91BC942}") = "initializer_list", "initializer_list\initializer_list.vcxproj", "{7B78EA5D-F9F6-476A-BE31-97B9AF356954}"
EndProject
Project("{8BC9CEB8-8B4A-11D0-8D11-00A0C91BC942}") = "auto_decltype", "auto_decltype\auto_decltype.vcxproj", "{79CAB114-D161-48BF-8CB6-7B5DA63CEF73}"
EndProject
Project("{8BC9CEB8-8B4A-11D0-8D11-00A0C91BC942}") = "lambda_expressions", "lambda_expressions\lambda_expressions.vcxproj", "{CE260CFC-907F-43A9-9AB3-0E69456C521C}"
EndProject
Project("{8BC9CEB8-8B4A-11D0-8D11-00A0C91BC942}") = "variadic_template", "variadic_template\variadic_template.vcxproj", "{432757D2-961C-468C-9099-FC5D63D48E80}"
EndProject
Project("{8BC9CEB8-8B4A-11D0-8D11-00A0C91BC942}") = "stl_template", "stl_template\stl_template.vcxproj", "{DBFF0023-59F3-45E6-9BF0-9CF806C46328}"
EndProject
Project("{8BC9CEB8-8B4A-11D0-8D11-00A0C91BC942}") = "rvalue_reference", "rvalue_reference\rvalue_reference.vcxproj", "{341F2232-A2D4-46E3-8B61-95A5B0D89D64}"
EndProject
Project("{8BC9CEB8-8B4A-11D0-8D11-00A0C91BC942}") = "alias_template", "alias_template\alias_template.vcxproj", "{4CF1918E-6A2E-491B-A59D-2FEBF8B933F1}"
EndProject
Project("{8BC9CEB8-8B4A-11D0-8D11-00A0C91BC942}") = "new_features", "new_features\new_features.vcxproj", "{28E7284D-621B-40DD-9C10-ED72B19E4644}"
EndProject
Global
	GlobalSection(SolutionConfigurationPlatforms) = preSolution
		Debug|x64 = Debug|x64
		Debug|x86 = Debug|x86
		Release|x64 = Release|x64
		Release|x86 = Release|x86
	EndGlobalSection
	GlobalSection(ProjectConfigurationPlatforms) = postSolution
		{7B78EA5D-F9F6-476A-BE31-97B9AF356954}.Debug|x64.ActiveCfg = Debug|x64
		{7B78EA5D-F9F6-476A-BE31-97B9AF356954}.Debug|x64.Build.0 = Debug|x64
		{7B78EA5D-F9F6-476A-BE31-97B9AF356954}.Debug|x86.ActiveCfg = Debug|Win32
		{7B78EA5D-F9F6-476A-BE31-97B9AF356954}.Debug|x86.Build.0 = Debug|Win32
		{7B78EA5D-F9F6-476A-BE31-97B9AF356954}.Release|x64.ActiveCfg = Release|x64
		{7B78EA5D-F9F6-476A-BE31-97B9AF356954}.Release|x64.Build.0 = Release|x64
		{7B78EA5D-F9F6-476A-BE31-97B9AF356954}.Release|x86.ActiveCfg = Release|Win32
		{7B78EA5D-F9F6-476A-BE31-97B9AF356954}.Release|x86.Build.0 = Release|Win32
		{79CAB114-D161-48BF-8CB6-7B5DA63CEF73}.Debug|x64.ActiveCfg = Debug|x64
		{79CAB114-D161-48BF-8CB6-7B5DA63CEF73}.Debug|x64.Build.0 = Debug|x64
		{79CAB114-D161-48BF-8CB6-7B5DA63CEF73}.Debug|x86.ActiveCfg = Debug|Win32
		{79CAB114-D161-48BF-8CB6-7B5DA63CEF73}.Debug|x86.Build.0 = Debug|Win32
		{79CAB114-D161-48BF-8CB6-7B5DA63CEF73}.Release|x64.ActiveCfg = Release|x64
		{79CAB114-D161-48BF-8CB6-7B5DA63CEF73}.Release|x64.Build.0 = Release|x64
		{79CAB114-D161-48BF-8CB6-7B5DA63CEF73}.Release|x86.ActiveCfg = Release|Win32
		{79CAB114-D161-48BF-8CB6-7B5DA63CEF73}.Release|x86.Build.0 = Release|Win32
		{CE260CFC-907F-43A9-9AB3-0E69456C521C}.Debug|x64.ActiveCfg = Debug|x64
		{CE260CFC-907F-43A9-9AB3-0E69456C521C}.Debug|x64.Build.0 = Debug|x64
		{CE260CFC-907F-43A9-9AB3-0E69456C521C}.Debug|x86.ActiveCfg = Debug|Win32
		{CE260CFC-907F-43A9-9AB3-0E69456C521C}.Debug|x86.Build.0 = Debug|Win32
		{CE260CFC-907F-43A9-9AB3-0E69456C521C}.Release|x64.ActiveCfg = Release|x64
		{CE260CFC-907F-43A9-9AB3-0E69456C521C}.Release|x64.Build.0 = Release|x64
		{CE260CFC-907F-43A9-9AB3-0E69456C521C}.Release|x86.ActiveCfg = Release|Win32
		{CE260CFC-907F-43A9-9AB3-0E69456C521C}.Release|x86.Build.0 = Release|Win32
		{432757D2-961C-468C-9099-FC5D63D48E80}.Debug|x64.ActiveCfg = Debug|x64
		{432757D2-961C-468C-9099-FC5D63D48E80}.Debug|x64.Build.0 = Debug|x64
		{432757D2-961C-468C-9099-FC5D63D48E80}.Debug|x86.ActiveCfg = Debug|Win32
		{432757D2-961C-468C-9099-FC5D63D48E80}.Debug|x86.Build.0 = Debug|Win32
		{432757D2-961C-468C-9099-FC5D63D48E80}.Release|x64.ActiveCfg = Release|x64
		{432757D2-961C-468C-9099-FC5D63D48E80}.Release|x64.Build.0 = Release|x64
		{432757D2-961C-468C-9099-FC5D63D48E80}.Release|x86.ActiveCfg = Release|Win32
		{432757D2-961C-468C-9099-FC5D63D48E80}.Release|x86.Build.0 = Release|Win32
		{DBFF0023-59F3-45E6-9BF0-9CF806C46328}.Debug|x64.ActiveCfg = Debug|x64
		{DBFF0023-59F3-45E6-9BF0-9CF806C46328}.Debug|x64.Build.0 = Debug|x64
		{DBFF0023-59F3-45E6-9BF0-9CF806C46328}.Debug|x86.ActiveCfg = Debug|Win32
		{DBFF0023-59F3-45E6-9BF0-9CF806C46328}.Debug|x86.Build.0 = Debug|Win32
		{DBFF0023-59F3-45E6-9BF0-9CF806C46328}.Release|x64.ActiveCfg = Release|x64
		{DBFF0023-59F3-45E6-9BF0-9CF806C46328}.Release|x64.Build.0 = Release|x64
		{DBFF0023-59F3-45E6-9BF0-9CF806C46328}.Release|x86.ActiveCfg = Release|Win32
		{DBFF0023-59F3-45E6-9BF0-9CF806C46328}.Release|x86.Build.0 = Release|Win32
		{341F2232-A2D4-46E3-8B61-95A5B0D89D64}.Debug|x64.ActiveCfg = Debug|x64
		{341F2232-A2D4-46E3-8B61-95A5B0D89D64}.Debug|x64.Build.0 = Debug|x64
		{341F2232-A2D4-46E3-8B61-95A5B0D89D64}.Debug|x86.ActiveCfg = Debug|Win32
		{341F2232-A2D4-46E3-8B61-95A5B0D89D64}.Debug|x86.Build.0 = Debug|Win32
		{341F2232-A2D4-46E3-8B61-95A5B0D89D64}.Release|x64.ActiveCfg = Release|x64
		{341F2232-A2D4-46E3-8B61-95A5B0D89D64}.Release|x64.Build.0 = Release|x64
		{341F2232-A2D4-46E3-8B61-95A5B0D89D64}.Release|x86.ActiveCfg = Release|Win32
		{341F2232-A2D4-46E3-8B61-95A5B0D89D64}.Release|x86.Build.0 = Release|Win32
		{4CF1918E-6A2E-491B-A59D-2FEBF8B933F1}.Debug|x64.ActiveCfg = Debug|x64
		{4CF1918E-6A2E-491B-A59D-2FEBF8B933F1}.Debug|x64.Build.0 = Debug|x64
		{4CF1918E-6A2E-491B-A59D-2FEBF8B933F1}.Debug|x86.ActiveCfg = Debug|Win32
		{4CF1918E-6A2E-491B-A59D-2FEBF8B933F1}.Debug|x86.Build.0 = Debug|Win32
		{4CF1918E-6A2E-491B-A59D-2FEBF8B933F1}.Release|x64.ActiveCfg = Release|x64
		{4CF1918E-6A2E-491B-A59D-2FEBF8B933F1}.Release|x64.Build.0 = Release|x64
		{4CF1918E-6A2E-491B-A59D-2FEBF8B933F1}.Release|x86.ActiveCfg = Release|Win32
		{4CF1918E-6A2E-491B-A59D-2FEBF8B933F1}.Release|x86.Build.0 = Release|Win32
		{28E7284D-621B-40DD-9C10-ED72B19E4644}.Debug|x64.ActiveCfg = Debug|x64
		{28E7284D-621B-40DD-9C10-ED72B19E4644}.Debug|x64.Build.0 = Debug|x64
		{28E7284D-621B-40DD-9C10-ED72B19E4644}.Debug|x86.ActiveCfg = Debug|Win32
		{28E7284D-621B-40DD-9C10-ED72B19E4644}.Debug|x86.Build.0 = Debug|Win32
		{28E7284D-621B-40DD-9C10-ED72B19E4644}.Release|x64.ActiveCfg = Release|x64
		{28E7284D-621B-40DD-9C10-ED72B19E4644}.Release|x64.Build.0 = Release|x64
		{28E7284D-621B-40DD-9C10-ED72B19E4644}.Release|x86.ActiveCfg = Release|Win32
		{28E7284D-621B-40DD-9C10-ED72B19E4644}.Release|x86.Build.0 = Release|Win32
	EndGlobalSection
	GlobalSection(SolutionProperties) = preSolution
		HideSolutionNode = FALSE
	EndGlobalSection
	GlobalSection(ExtensibilityGlobals) = postSolution
		SolutionGuid = {CCBC85AE-418A-4857-8718-A4F0541FA9B4}
	EndGlobalSection
EndGlobal
